// !$*UTF8*$!
{
	archiveVersion = 1;
	classes = {
	};
	objectVersion = 56;
	objects = {

/* Begin PBXBuildFile section */
		FB32802A2B55D8C300E3BBC9 /* CircleImage.swift in Sources */ = {isa = PBXBuildFile; fileRef = FB3280292B55D8C300E3BBC9 /* CircleImage.swift */; };
		FB32802C2B55D96F00E3BBC9 /* MapView.swift in Sources */ = {isa = PBXBuildFile; fileRef = FB32802B2B55D96F00E3BBC9 /* MapView.swift */; };
		FB32802E2B55DBE300E3BBC9 /* landmarkData.json in Resources */ = {isa = PBXBuildFile; fileRef = FB32802D2B55DBE300E3BBC9 /* landmarkData.json */; };
		FB3280322B55DC2800E3BBC9 /* Landmark.swift in Sources */ = {isa = PBXBuildFile; fileRef = FB3280312B55DC2800E3BBC9 /* Landmark.swift */; };
		FB3280342B55DD6400E3BBC9 /* ModelData.swift in Sources */ = {isa = PBXBuildFile; fileRef = FB3280332B55DD6300E3BBC9 /* ModelData.swift */; };
		FB3280392B55DEF400E3BBC9 /* LandmarkRow.swift in Sources */ = {isa = PBXBuildFile; fileRef = FB3280382B55DEF400E3BBC9 /* LandmarkRow.swift */; };
		FB5B9F612B55D55500F0B233 /* LandmarksApp.swift in Sources */ = {isa = PBXBuildFile; fileRef = FB5B9F602B55D55500F0B233 /* LandmarksApp.swift */; };
		FB5B9F632B55D55500F0B233 /* ContentView.swift in Sources */ = {isa = PBXBuildFile; fileRef = FB5B9F622B55D55500F0B233 /* ContentView.swift */; };
		FB5B9F652B55D55700F0B233 /* Assets.xcassets in Resources */ = {isa = PBXBuildFile; fileRef = FB5B9F642B55D55700F0B233 /* Assets.xcassets */; };
		FB5B9F682B55D55700F0B233 /* Preview Assets.xcassets in Resources */ = {isa = PBXBuildFile; fileRef = FB5B9F672B55D55700F0B233 /* Preview Assets.xcassets */; };
		FB5B9F722B55D55700F0B233 /* LandmarksTests.swift in Sources */ = {isa = PBXBuildFile; fileRef = FB5B9F712B55D55700F0B233 /* LandmarksTests.swift */; };
		FB5B9F7C2B55D55700F0B233 /* LandmarksUITests.swift in Sources */ = {isa = PBXBuildFile; fileRef = FB5B9F7B2B55D55700F0B233 /* LandmarksUITests.swift */; };
		FB5B9F7E2B55D55700F0B233 /* LandmarksUITestsLaunchTests.swift in Sources */ = {isa = PBXBuildFile; fileRef = FB5B9F7D2B55D55700F0B233 /* LandmarksUITestsLaunchTests.swift */; };
		FBE214B12B575EF500731AB9 /* LandmarkList.swift in Sources */ = {isa = PBXBuildFile; fileRef = FBE214B02B575EF400731AB9 /* LandmarkList.swift */; };
		FBE214B32B57600800731AB9 /* LandmarkDetail.swift in Sources */ = {isa = PBXBuildFile; fileRef = FBE214B22B57600800731AB9 /* LandmarkDetail.swift */; };
/* End PBXBuildFile section */

/* Begin PBXContainerItemProxy section */
		FB5B9F6E2B55D55700F0B233 /* PBXContainerItemProxy */ = {
			isa = PBXContainerItemProxy;
			containerPortal = FB5B9F552B55D55500F0B233 /* Project object */;
			proxyType = 1;
			remoteGlobalIDString = FB5B9F5C2B55D55500F0B233;
			remoteInfo = Landmarks;
		};
		FB5B9F782B55D55700F0B233 /* PBXContainerItemProxy */ = {
			isa = PBXContainerItemProxy;
			containerPortal = FB5B9F552B55D55500F0B233 /* Project object */;
			proxyType = 1;
			remoteGlobalIDString = FB5B9F5C2B55D55500F0B233;
			remoteInfo = Landmarks;
		};
/* End PBXContainerItemProxy section */

/* Begin PBXFileReference section */
		FB3280292B55D8C300E3BBC9 /* CircleImage.swift */ = {isa = PBXFileReference; lastKnownFileType = sourcecode.swift; path = CircleImage.swift; sourceTree = "<group>"; };
		FB32802B2B55D96F00E3BBC9 /* MapView.swift */ = {isa = PBXFileReference; lastKnownFileType = sourcecode.swift; path = MapView.swift; sourceTree = "<group>"; };
		FB32802D2B55DBE300E3BBC9 /* landmarkData.json */ = {isa = PBXFileReference; fileEncoding = 4; lastKnownFileType = text.json; path = landmarkData.json; sourceTree = "<group>"; };
		FB3280312B55DC2800E3BBC9 /* Landmark.swift */ = {isa = PBXFileReference; lastKnownFileType = sourcecode.swift; path = Landmark.swift; sourceTree = "<group>"; };
		FB3280332B55DD6300E3BBC9 /* ModelData.swift */ = {isa = PBXFileReference; lastKnownFileType = sourcecode.swift; path = ModelData.swift; sourceTree = "<group>"; };
		FB3280382B55DEF400E3BBC9 /* LandmarkRow.swift */ = {isa = PBXFileReference; lastKnownFileType = sourcecode.swift; path = LandmarkRow.swift; sourceTree = "<group>"; };
		FB5B9F5D2B55D55500F0B233 /* Landmarks.app */ = {isa = PBXFileReference; explicitFileType = wrapper.application; includeInIndex = 0; path = Landmarks.app; sourceTree = BUILT_PRODUCTS_DIR; };
		FB5B9F602B55D55500F0B233 /* LandmarksApp.swift */ = {isa = PBXFileReference; lastKnownFileType = sourcecode.swift; path = LandmarksApp.swift; sourceTree = "<group>"; };
		FB5B9F622B55D55500F0B233 /* ContentView.swift */ = {isa = PBXFileReference; lastKnownFileType = sourcecode.swift; path = ContentView.swift; sourceTree = "<group>"; };
		FB5B9F642B55D55700F0B233 /* Assets.xcassets */ = {isa = PBXFileReference; lastKnownFileType = folder.assetcatalog; path = Assets.xcassets; sourceTree = "<group>"; };
		FB5B9F672B55D55700F0B233 /* Preview Assets.xcassets */ = {isa = PBXFileReference; lastKnownFileType = folder.assetcatalog; path = "Preview Assets.xcassets"; sourceTree = "<group>"; };
		FB5B9F6D2B55D55700F0B233 /* LandmarksTests.xctest */ = {isa = PBXFileReference; explicitFileType = wrapper.cfbundle; includeInIndex = 0; path = LandmarksTests.xctest; sourceTree = BUILT_PRODUCTS_DIR; };
		FB5B9F712B55D55700F0B233 /* LandmarksTests.swift */ = {isa = PBXFileReference; lastKnownFileType = sourcecode.swift; path = LandmarksTests.swift; sourceTree = "<group>"; };
		FB5B9F772B55D55700F0B233 /* LandmarksUITests.xctest */ = {isa = PBXFileReference; explicitFileType = wrapper.cfbundle; includeInIndex = 0; path = LandmarksUITests.xctest; sourceTree = BUILT_PRODUCTS_DIR; };
		FB5B9F7B2B55D55700F0B233 /* LandmarksUITests.swift */ = {isa = PBXFileReference; lastKnownFileType = sourcecode.swift; path = LandmarksUITests.swift; sourceTree = "<group>"; };
		FB5B9F7D2B55D55700F0B233 /* LandmarksUITestsLaunchTests.swift */ = {isa = PBXFileReference; lastKnownFileType = sourcecode.swift; path = LandmarksUITestsLaunchTests.swift; sourceTree = "<group>"; };
		FBE214B02B575EF400731AB9 /* LandmarkList.swift */ = {isa = PBXFileReference; lastKnownFileType = sourcecode.swift; path = LandmarkList.swift; sourceTree = "<group>"; };
		FBE214B22B57600800731AB9 /* LandmarkDetail.swift */ = {isa = PBXFileReference; lastKnownFileType = sourcecode.swift; path = LandmarkDetail.swift; sourceTree = "<group>"; };
/* End PBXFileReference section */

/* Begin PBXFrameworksBuildPhase section */
		FB5B9F5A2B55D55500F0B233 /* Frameworks */ = {
			isa = PBXFrameworksBuildPhase;
			buildActionMask = 2147483647;
			files = (
			);
			runOnlyForDeploymentPostprocessing = 0;
		};
		FB5B9F6A2B55D55700F0B233 /* Frameworks */ = {
			isa = PBXFrameworksBuildPhase;
			buildActionMask = 2147483647;
			files = (
			);
			runOnlyForDeploymentPostprocessing = 0;
		};
		FB5B9F742B55D55700F0B233 /* Frameworks */ = {
			isa = PBXFrameworksBuildPhase;
			buildActionMask = 2147483647;
			files = (
			);
			runOnlyForDeploymentPostprocessing = 0;
		};
/* End PBXFrameworksBuildPhase section */

/* Begin PBXGroup section */
		FB3280352B55DE6100E3BBC9 /* Views */ = {
			isa = PBXGroup;
			children = (
				FB5B9F622B55D55500F0B233 /* ContentView.swift */,
				FB3280292B55D8C300E3BBC9 /* CircleImage.swift */,
				FB32802B2B55D96F00E3BBC9 /* MapView.swift */,
				FB3280382B55DEF400E3BBC9 /* LandmarkRow.swift */,
				FBE214B02B575EF400731AB9 /* LandmarkList.swift */,
				FBE214B22B57600800731AB9 /* LandmarkDetail.swift */,
			);
			path = Views;
			sourceTree = "<group>";
		};
		FB3280362B55DE8B00E3BBC9 /* Resources */ = {
			isa = PBXGroup;
			children = (
				FB32802D2B55DBE300E3BBC9 /* landmarkData.json */,
			);
			path = Resources;
			sourceTree = "<group>";
		};
		FB3280372B55DEAE00E3BBC9 /* Model */ = {
			isa = PBXGroup;
			children = (
				FB3280312B55DC2800E3BBC9 /* Landmark.swift */,
				FB3280332B55DD6300E3BBC9 /* ModelData.swift */,
			);
			path = Model;
			sourceTree = "<group>";
		};
		FB5B9F542B55D55500F0B233 = {
			isa = PBXGroup;
			children = (
				FB5B9F5F2B55D55500F0B233 /* Landmarks */,
				FB5B9F702B55D55700F0B233 /* LandmarksTests */,
				FB5B9F7A2B55D55700F0B233 /* LandmarksUITests */,
				FB5B9F5E2B55D55500F0B233 /* Products */,
			);
			sourceTree = "<group>";
		};
		FB5B9F5E2B55D55500F0B233 /* Products */ = {
			isa = PBXGroup;
			children = (
				FB5B9F5D2B55D55500F0B233 /* Landmarks.app */,
				FB5B9F6D2B55D55700F0B233 /* LandmarksTests.xctest */,
				FB5B9F772B55D55700F0B233 /* LandmarksUITests.xctest */,
			);
			name = Products;
			sourceTree = "<group>";
		};
		FB5B9F5F2B55D55500F0B233 /* Landmarks */ = {
			isa = PBXGroup;
			children = (
				FB3280362B55DE8B00E3BBC9 /* Resources */,
				FB3280372B55DEAE00E3BBC9 /* Model */,
				FB5B9F602B55D55500F0B233 /* LandmarksApp.swift */,
				FB3280352B55DE6100E3BBC9 /* Views */,
				FB5B9F642B55D55700F0B233 /* Assets.xcassets */,
				FB5B9F662B55D55700F0B233 /* Preview Content */,
			);
			path = Landmarks;
			sourceTree = "<group>";
		};
		FB5B9F662B55D55700F0B233 /* Preview Content */ = {
			isa = PBXGroup;
			children = (
				FB5B9F672B55D55700F0B233 /* Preview Assets.xcassets */,
			);
			path = "Preview Content";
			sourceTree = "<group>";
		};
		FB5B9F702B55D55700F0B233 /* LandmarksTests */ = {
			isa = PBXGroup;
			children = (
				FB5B9F712B55D55700F0B233 /* LandmarksTests.swift */,
			);
			path = LandmarksTests;
			sourceTree = "<group>";
		};
		FB5B9F7A2B55D55700F0B233 /* LandmarksUITests */ = {
			isa = PBXGroup;
			children = (
				FB5B9F7B2B55D55700F0B233 /* LandmarksUITests.swift */,
				FB5B9F7D2B55D55700F0B233 /* LandmarksUITestsLaunchTests.swift */,
			);
			path = LandmarksUITests;
			sourceTree = "<group>";
		};
/* End PBXGroup section */

/* Begin PBXNativeTarget section */
		FB5B9F5C2B55D55500F0B233 /* Landmarks */ = {
			isa = PBXNativeTarget;
			buildConfigurationList = FB5B9F812B55D55700F0B233 /* Build configuration list for PBXNativeTarget "Landmarks" */;
			buildPhases = (
				FB5B9F592B55D55500F0B233 /* Sources */,
				FB5B9F5A2B55D55500F0B233 /* Frameworks */,
				FB5B9F5B2B55D55500F0B233 /* Resources */,
			);
			buildRules = (
			);
			dependencies = (
			);
			name = Landmarks;
			productName = Landmarks;
			productReference = FB5B9F5D2B55D55500F0B233 /* Landmarks.app */;
			productType = "com.apple.product-type.application";
		};
		FB5B9F6C2B55D55700F0B233 /* LandmarksTests */ = {
			isa = PBXNativeTarget;
			buildConfigurationList = FB5B9F842B55D55700F0B233 /* Build configuration list for PBXNativeTarget "LandmarksTests" */;
			buildPhases = (
				FB5B9F692B55D55700F0B233 /* Sources */,
				FB5B9F6A2B55D55700F0B233 /* Frameworks */,
				FB5B9F6B2B55D55700F0B233 /* Resources */,
			);
			buildRules = (
			);
			dependencies = (
				FB5B9F6F2B55D55700F0B233 /* PBXTargetDependency */,
			);
			name = LandmarksTests;
			productName = LandmarksTests;
			productReference = FB5B9F6D2B55D55700F0B233 /* LandmarksTests.xctest */;
			productType = "com.apple.product-type.bundle.unit-test";
		};
		FB5B9F762B55D55700F0B233 /* LandmarksUITests */ = {
			isa = PBXNativeTarget;
			buildConfigurationList = FB5B9F872B55D55700F0B233 /* Build configuration list for PBXNativeTarget "LandmarksUITests" */;
			buildPhases = (
				FB5B9F732B55D55700F0B233 /* Sources */,
				FB5B9F742B55D55700F0B233 /* Frameworks */,
				FB5B9F752B55D55700F0B233 /* Resources */,
			);
			buildRules = (
			);
			dependencies = (
				FB5B9F792B55D55700F0B233 /* PBXTargetDependency */,
			);
			name = LandmarksUITests;
			productName = LandmarksUITests;
			productReference = FB5B9F772B55D55700F0B233 /* LandmarksUITests.xctest */;
			productType = "com.apple.product-type.bundle.ui-testing";
		};
/* End PBXNativeTarget section */

/* Begin PBXProject section */
		FB5B9F552B55D55500F0B233 /* Project object */ = {
			isa = PBXProject;
			attributes = {
				BuildIndependentTargetsInParallel = 1;
				LastSwiftUpdateCheck = 1520;
				LastUpgradeCheck = 1520;
				TargetAttributes = {
					FB5B9F5C2B55D55500F0B233 = {
						CreatedOnToolsVersion = 15.2;
					};
					FB5B9F6C2B55D55700F0B233 = {
						CreatedOnToolsVersion = 15.2;
						TestTargetID = FB5B9F5C2B55D55500F0B233;
					};
					FB5B9F762B55D55700F0B233 = {
						CreatedOnToolsVersion = 15.2;
						TestTargetID = FB5B9F5C2B55D55500F0B233;
					};
				};
			};
			buildConfigurationList = FB5B9F582B55D55500F0B233 /* Build configuration list for PBXProject "Landmarks" */;
			compatibilityVersion = "Xcode 14.0";
			developmentRegion = en;
			hasScannedForEncodings = 0;
			knownRegions = (
				en,
				Base,
			);
			mainGroup = FB5B9F542B55D55500F0B233;
			productRefGroup = FB5B9F5E2B55D55500F0B233 /* Products */;
			projectDirPath = "";
			projectRoot = "";
			targets = (
				FB5B9F5C2B55D55500F0B233 /* Landmarks */,
				FB5B9F6C2B55D55700F0B233 /* LandmarksTests */,
				FB5B9F762B55D55700F0B233 /* LandmarksUITests */,
			);
		};
/* End PBXProject section */

/* Begin PBXResourcesBuildPhase section */
		FB5B9F5B2B55D55500F0B233 /* Resources */ = {
			isa = PBXResourcesBuildPhase;
			buildActionMask = 2147483647;
			files = (
				FB5B9F682B55D55700F0B233 /* Preview Assets.xcassets in Resources */,
				FB5B9F652B55D55700F0B233 /* Assets.xcassets in Resources */,
				FB32802E2B55DBE300E3BBC9 /* landmarkData.json in Resources */,
			);
			runOnlyForDeploymentPostprocessing = 0;
		};
		FB5B9F6B2B55D55700F0B233 /* Resources */ = {
			isa = PBXResourcesBuildPhase;
			buildActionMask = 2147483647;
			files = (
			);
			runOnlyForDeploymentPostprocessing = 0;
		};
		FB5B9F752B55D55700F0B233 /* Resources */ = {
			isa = PBXResourcesBuildPhase;
			buildActionMask = 2147483647;
			files = (
			);
			runOnlyForDeploymentPostprocessing = 0;
		};
/* End PBXResourcesBuildPhase section */

/* Begin PBXSourcesBuildPhase section */
		FB5B9F592B55D55500F0B233 /* Sources */ = {
			isa = PBXSourcesBuildPhase;
			buildActionMask = 2147483647;
			files = (
				FB5B9F632B55D55500F0B233 /* ContentView.swift in Sources */,
				FB32802C2B55D96F00E3BBC9 /* MapView.swift in Sources */,
				FB5B9F612B55D55500F0B233 /* LandmarksApp.swift in Sources */,
				FBE214B12B575EF500731AB9 /* LandmarkList.swift in Sources */,
				FBE214B32B57600800731AB9 /* LandmarkDetail.swift in Sources */,
				FB32802A2B55D8C300E3BBC9 /* CircleImage.swift in Sources */,
				FB3280322B55DC2800E3BBC9 /* Landmark.swift in Sources */,
				FB3280392B55DEF400E3BBC9 /* LandmarkRow.swift in Sources */,
				FB3280342B55DD6400E3BBC9 /* ModelData.swift in Sources */,
			);
			runOnlyForDeploymentPostprocessing = 0;
		};
		FB5B9F692B55D55700F0B233 /* Sources */ = {
			isa = PBXSourcesBuildPhase;
			buildActionMask = 2147483647;
			files = (
				FB5B9F722B55D55700F0B233 /* LandmarksTests.swift in Sources */,
			);
			runOnlyForDeploymentPostprocessing = 0;
		};
		FB5B9F732B55D55700F0B233 /* Sources */ = {
			isa = PBXSourcesBuildPhase;
			buildActionMask = 2147483647;
			files = (
				FB5B9F7E2B55D55700F0B233 /* LandmarksUITestsLaunchTests.swift in Sources */,
				FB5B9F7C2B55D55700F0B233 /* LandmarksUITests.swift in Sources */,
			);
			runOnlyForDeploymentPostprocessing = 0;
		};
/* End PBXSourcesBuildPhase section */

/* Begin PBXTargetDependency section */
		FB5B9F6F2B55D55700F0B233 /* PBXTargetDependency */ = {
			isa = PBXTargetDependency;
			target = FB5B9F5C2B55D55500F0B233 /* Landmarks */;
			targetProxy = FB5B9F6E2B55D55700F0B233 /* PBXContainerItemProxy */;
		};
		FB5B9F792B55D55700F0B233 /* PBXTargetDependency */ = {
			isa = PBXTargetDependency;
			target = FB5B9F5C2B55D55500F0B233 /* Landmarks */;
			targetProxy = FB5B9F782B55D55700F0B233 /* PBXContainerItemProxy */;
		};
/* End PBXTargetDependency section */

/* Begin XCBuildConfiguration section */
		FB5B9F7F2B55D55700F0B233 /* Debug */ = {
			isa = XCBuildConfiguration;
			buildSettings = {
				ALWAYS_SEARCH_USER_PATHS = NO;
				ASSETCATALOG_COMPILER_GENERATE_SWIFT_ASSET_SYMBOL_EXTENSIONS = YES;
				CLANG_ANALYZER_NONNULL = YES;
				CLANG_ANALYZER_NUMBER_OBJECT_CONVERSION = YES_AGGRESSIVE;
				CLANG_CXX_LANGUAGE_STANDARD = "gnu++20";
				CLANG_ENABLE_MODULES = YES;
				CLANG_ENABLE_OBJC_ARC = YES;
				CLANG_ENABLE_OBJC_WEAK = YES;
				CLANG_WARN_BLOCK_CAPTURE_AUTORELEASING = YES;
				CLANG_WARN_BOOL_CONVERSION = YES;
				CLANG_WARN_COMMA = YES;
				CLANG_WARN_CONSTANT_CONVERSION = YES;
				CLANG_WARN_DEPRECATED_OBJC_IMPLEMENTATIONS = YES;
				CLANG_WARN_DIRECT_OBJC_ISA_USAGE = YES_ERROR;
				CLANG_WARN_DOCUMENTATION_COMMENTS = YES;
				CLANG_WARN_EMPTY_BODY = YES;
				CLANG_WARN_ENUM_CONVERSION = YES;
				CLANG_WARN_INFINITE_RECURSION = YES;
				CLANG_WARN_INT_CONVERSION = YES;
				CLANG_WARN_NON_LITERAL_NULL_CONVERSION = YES;
				CLANG_WARN_OBJC_IMPLICIT_RETAIN_SELF = YES;
				CLANG_WARN_OBJC_LITERAL_CONVERSION = YES;
				CLANG_WARN_OBJC_ROOT_CLASS = YES_ERROR;
				CLANG_WARN_QUOTED_INCLUDE_IN_FRAMEWORK_HEADER = YES;
				CLANG_WARN_RANGE_LOOP_ANALYSIS = YES;
				CLANG_WARN_STRICT_PROTOTYPES = YES;
				CLANG_WARN_SUSPICIOUS_MOVE = YES;
				CLANG_WARN_UNGUARDED_AVAILABILITY = YES_AGGRESSIVE;
				CLANG_WARN_UNREACHABLE_CODE = YES;
				CLANG_WARN__DUPLICATE_METHOD_MATCH = YES;
				COPY_PHASE_STRIP = NO;
				DEBUG_INFORMATION_FORMAT = dwarf;
				ENABLE_STRICT_OBJC_MSGSEND = YES;
				ENABLE_TESTABILITY = YES;
				ENABLE_USER_SCRIPT_SANDBOXING = YES;
				GCC_C_LANGUAGE_STANDARD = gnu17;
				GCC_DYNAMIC_NO_PIC = NO;
				GCC_NO_COMMON_BLOCKS = YES;
				GCC_OPTIMIZATION_LEVEL = 0;
				GCC_PREPROCESSOR_DEFINITIONS = (
					"DEBUG=1",
					"$(inherited)",
				);
				GCC_WARN_64_TO_32_BIT_CONVERSION = YES;
				GCC_WARN_ABOUT_RETURN_TYPE = YES_ERROR;
				GCC_WARN_UNDECLARED_SELECTOR = YES;
				GCC_WARN_UNINITIALIZED_AUTOS = YES_AGGRESSIVE;
				GCC_WARN_UNUSED_FUNCTION = YES;
				GCC_WARN_UNUSED_VARIABLE = YES;
				IPHONEOS_DEPLOYMENT_TARGET = 17.2;
				LOCALIZATION_PREFERS_STRING_CATALOGS = YES;
				MTL_ENABLE_DEBUG_INFO = INCLUDE_SOURCE;
				MTL_FAST_MATH = YES;
				ONLY_ACTIVE_ARCH = YES;
				SDKROOT = iphoneos;
				SWIFT_ACTIVE_COMPILATION_CONDITIONS = "DEBUG $(inherited)";
				SWIFT_OPTIMIZATION_LEVEL = "-Onone";
			};
			name = Debug;
		};
		FB5B9F802B55D55700F0B233 /* Release */ = {
			isa = XCBuildConfiguration;
			buildSettings = {
				ALWAYS_SEARCH_USER_PATHS = NO;
				ASSETCATALOG_COMPILER_GENERATE_SWIFT_ASSET_SYMBOL_EXTENSIONS = YES;
				CLANG_ANALYZER_NONNULL = YES;
				CLANG_ANALYZER_NUMBER_OBJECT_CONVERSION = YES_AGGRESSIVE;
				CLANG_CXX_LANGUAGE_STANDARD = "gnu++20";
				CLANG_ENABLE_MODULES = YES;
				CLANG_ENABLE_OBJC_ARC = YES;
				CLANG_ENABLE_OBJC_WEAK = YES;
				CLANG_WARN_BLOCK_CAPTURE_AUTORELEASING = YES;
				CLANG_WARN_BOOL_CONVERSION = YES;
				CLANG_WARN_COMMA = YES;
				CLANG_WARN_CONSTANT_CONVERSION = YES;
				CLANG_WARN_DEPRECATED_OBJC_IMPLEMENTATIONS = YES;
				CLANG_WARN_DIRECT_OBJC_ISA_USAGE = YES_ERROR;
				CLANG_WARN_DOCUMENTATION_COMMENTS = YES;
				CLANG_WARN_EMPTY_BODY = YES;
				CLANG_WARN_ENUM_CONVERSION = YES;
				CLANG_WARN_INFINITE_RECURSION = YES;
				CLANG_WARN_INT_CONVERSION = YES;
				CLANG_WARN_NON_LITERAL_NULL_CONVERSION = YES;
				CLANG_WARN_OBJC_IMPLICIT_RETAIN_SELF = YES;
				CLANG_WARN_OBJC_LITERAL_CONVERSION = YES;
				CLANG_WARN_OBJC_ROOT_CLASS = YES_ERROR;
				CLANG_WARN_QUOTED_INCLUDE_IN_FRAMEWORK_HEADER = YES;
				CLANG_WARN_RANGE_LOOP_ANALYSIS = YES;
				CLANG_WARN_STRICT_PROTOTYPES = YES;
				CLANG_WARN_SUSPICIOUS_MOVE = YES;
				CLANG_WARN_UNGUARDED_AVAILABILITY = YES_AGGRESSIVE;
				CLANG_WARN_UNREACHABLE_CODE = YES;
				CLANG_WARN__DUPLICATE_METHOD_MATCH = YES;
				COPY_PHASE_STRIP = NO;
				DEBUG_INFORMATION_FORMAT = "dwarf-with-dsym";
				ENABLE_NS_ASSERTIONS = NO;
				ENABLE_STRICT_OBJC_MSGSEND = YES;
				ENABLE_USER_SCRIPT_SANDBOXING = YES;
				GCC_C_LANGUAGE_STANDARD = gnu17;
				GCC_NO_COMMON_BLOCKS = YES;
				GCC_WARN_64_TO_32_BIT_CONVERSION = YES;
				GCC_WARN_ABOUT_RETURN_TYPE = YES_ERROR;
				GCC_WARN_UNDECLARED_SELECTOR = YES;
				GCC_WARN_UNINITIALIZED_AUTOS = YES_AGGRESSIVE;
				GCC_WARN_UNUSED_FUNCTION = YES;
				GCC_WARN_UNUSED_VARIABLE = YES;
				IPHONEOS_DEPLOYMENT_TARGET = 17.2;
				LOCALIZATION_PREFERS_STRING_CATALOGS = YES;
				MTL_ENABLE_DEBUG_INFO = NO;
				MTL_FAST_MATH = YES;
				SDKROOT = iphoneos;
				SWIFT_COMPILATION_MODE = wholemodule;
				VALIDATE_PRODUCT = YES;
			};
			name = Release;
		};
		FB5B9F822B55D55700F0B233 /* Debug */ = {
			isa = XCBuildConfiguration;
			buildSettings = {
				ASSETCATALOG_COMPILER_APPICON_NAME = AppIcon;
				ASSETCATALOG_COMPILER_GLOBAL_ACCENT_COLOR_NAME = AccentColor;
				CODE_SIGN_STYLE = Automatic;
				CURRENT_PROJECT_VERSION = 1;
				DEVELOPMENT_ASSET_PATHS = "\"Landmarks/Preview Content\"";
				DEVELOPMENT_TEAM = 63TL67WXGA;
				ENABLE_PREVIEWS = YES;
				GENERATE_INFOPLIST_FILE = YES;
				INFOPLIST_KEY_UIApplicationSceneManifest_Generation = YES;
				INFOPLIST_KEY_UIApplicationSupportsIndirectInputEvents = YES;
				INFOPLIST_KEY_UILaunchScreen_Generation = YES;
				INFOPLIST_KEY_UISupportedInterfaceOrientations_iPad = "UIInterfaceOrientationPortrait UIInterfaceOrientationPortraitUpsideDown UIInterfaceOrientationLandscapeLeft UIInterfaceOrientationLandscapeRight";
				INFOPLIST_KEY_UISupportedInterfaceOrientations_iPhone = "UIInterfaceOrientationPortrait UIInterfaceOrientationLandscapeLeft UIInterfaceOrientationLandscapeRight";
				LD_RUNPATH_SEARCH_PATHS = (
					"$(inherited)",
					"@executable_path/Frameworks",
				);
				MARKETING_VERSION = 1.0;
				PRODUCT_BUNDLE_IDENTIFIER = com.agrattan.Landmarks;
				PRODUCT_NAME = "$(TARGET_NAME)";
				SWIFT_EMIT_LOC_STRINGS = YES;
				SWIFT_VERSION = 5.0;
				TARGETED_DEVICE_FAMILY = "1,2";
			};
			name = Debug;
		};
		FB5B9F832B55D55700F0B233 /* Release */ = {
			isa = XCBuildConfiguration;
			buildSettings = {
				ASSETCATALOG_COMPILER_APPICON_NAME = AppIcon;
				ASSETCATALOG_COMPILER_GLOBAL_ACCENT_COLOR_NAME = AccentColor;
				CODE_SIGN_STYLE = Automatic;
				CURRENT_PROJECT_VERSION = 1;
				DEVELOPMENT_ASSET_PATHS = "\"Landmarks/Preview Content\"";
				DEVELOPMENT_TEAM = 63TL67WXGA;
				ENABLE_PREVIEWS = YES;
				GENERATE_INFOPLIST_FILE = YES;
				INFOPLIST_KEY_UIApplicationSceneManifest_Generation = YES;
				INFOPLIST_KEY_UIApplicationSupportsIndirectInputEvents = YES;
				INFOPLIST_KEY_UILaunchScreen_Generation = YES;
				INFOPLIST_KEY_UISupportedInterfaceOrientations_iPad = "UIInterfaceOrientationPortrait UIInterfaceOrientationPortraitUpsideDown UIInterfaceOrientationLandscapeLeft UIInterfaceOrientationLandscapeRight";
				INFOPLIST_KEY_UISupportedInterfaceOrientations_iPhone = "UIInterfaceOrientationPortrait UIInterfaceOrientationLandscapeLeft UIInterfaceOrientationLandscapeRight";
				LD_RUNPATH_SEARCH_PATHS = (
					"$(inherited)",
					"@executable_path/Frameworks",
				);
				MARKETING_VERSION = 1.0;
				PRODUCT_BUNDLE_IDENTIFIER = com.agrattan.Landmarks;
				PRODUCT_NAME = "$(TARGET_NAME)";
				SWIFT_EMIT_LOC_STRINGS = YES;
				SWIFT_VERSION = 5.0;
				TARGETED_DEVICE_FAMILY = "1,2";
			};
			name = Release;
		};
		FB5B9F852B55D55700F0B233 /* Debug */ = {
			isa = XCBuildConfiguration;
			buildSettings = {
				ALWAYS_EMBED_SWIFT_STANDARD_LIBRARIES = YES;
				BUNDLE_LOADER = "$(TEST_HOST)";
				CODE_SIGN_STYLE = Automatic;
				CURRENT_PROJECT_VERSION = 1;
				DEVELOPMENT_TEAM = 63TL67WXGA;
				GENERATE_INFOPLIST_FILE = YES;
				IPHONEOS_DEPLOYMENT_TARGET = 17.2;
				MARKETING_VERSION = 1.0;
				PRODUCT_BUNDLE_IDENTIFIER = com.agrattan.LandmarksTests;
				PRODUCT_NAME = "$(TARGET_NAME)";
				SWIFT_EMIT_LOC_STRINGS = NO;
				SWIFT_VERSION = 5.0;
				TARGETED_DEVICE_FAMILY = "1,2";
				TEST_HOST = "$(BUILT_PRODUCTS_DIR)/Landmarks.app/$(BUNDLE_EXECUTABLE_FOLDER_PATH)/Landmarks";
			};
			name = Debug;
		};
		FB5B9F862B55D55700F0B233 /* Release */ = {
			isa = XCBuildConfiguration;
			buildSettings = {
				ALWAYS_EMBED_SWIFT_STANDARD_LIBRARIES = YES;
				BUNDLE_LOADER = "$(TEST_HOST)";
				CODE_SIGN_STYLE = Automatic;
				CURRENT_PROJECT_VERSION = 1;
				DEVELOPMENT_TEAM = 63TL67WXGA;
				GENERATE_INFOPLIST_FILE = YES;
				IPHONEOS_DEPLOYMENT_TARGET = 17.2;
				MARKETING_VERSION = 1.0;
				PRODUCT_BUNDLE_IDENTIFIER = com.agrattan.LandmarksTests;
				PRODUCT_NAME = "$(TARGET_NAME)";
				SWIFT_EMIT_LOC_STRINGS = NO;
				SWIFT_VERSION = 5.0;
				TARGETED_DEVICE_FAMILY = "1,2";
				TEST_HOST = "$(BUILT_PRODUCTS_DIR)/Landmarks.app/$(BUNDLE_EXECUTABLE_FOLDER_PATH)/Landmarks";
			};
			name = Release;
		};
		FB5B9F882B55D55700F0B233 /* Debug */ = {
			isa = XCBuildConfiguration;
			buildSettings = {
				ALWAYS_EMBED_SWIFT_STANDARD_LIBRARIES = YES;
				CODE_SIGN_STYLE = Automatic;
				CURRENT_PROJECT_VERSION = 1;
				DEVELOPMENT_TEAM = 63TL67WXGA;
				GENERATE_INFOPLIST_FILE = YES;
				MARKETING_VERSION = 1.0;
				PRODUCT_BUNDLE_IDENTIFIER = com.agrattan.LandmarksUITests;
				PRODUCT_NAME = "$(TARGET_NAME)";
				SWIFT_EMIT_LOC_STRINGS = NO;
				SWIFT_VERSION = 5.0;
				TARGETED_DEVICE_FAMILY = "1,2";
				TEST_TARGET_NAME = Landmarks;
			};
			name = Debug;
		};
		FB5B9F892B55D55700F0B233 /* Release */ = {
			isa = XCBuildConfiguration;
			buildSettings = {
				ALWAYS_EMBED_SWIFT_STANDARD_LIBRARIES = YES;
				CODE_SIGN_STYLE = Automatic;
				CURRENT_PROJECT_VERSION = 1;
				DEVELOPMENT_TEAM = 63TL67WXGA;
				GENERATE_INFOPLIST_FILE = YES;
				MARKETING_VERSION = 1.0;
				PRODUCT_BUNDLE_IDENTIFIER = com.agrattan.LandmarksUITests;
				PRODUCT_NAME = "$(TARGET_NAME)";
				SWIFT_EMIT_LOC_STRINGS = NO;
				SWIFT_VERSION = 5.0;
				TARGETED_DEVICE_FAMILY = "1,2";
				TEST_TARGET_NAME = Landmarks;
			};
			name = Release;
		};
/* End XCBuildConfiguration section */

/* Begin XCConfigurationList section */
		FB5B9F582B55D55500F0B233 /* Build configuration list for PBXProject "Landmarks" */ = {
			isa = XCConfigurationList;
			buildConfigurations = (
				FB5B9F7F2B55D55700F0B233 /* Debug */,
				FB5B9F802B55D55700F0B233 /* Release */,
			);
			defaultConfigurationIsVisible = 0;
			defaultConfigurationName = Release;
		};
		FB5B9F812B55D55700F0B233 /* Build configuration list for PBXNativeTarget "Landmarks" */ = {
			isa = XCConfigurationList;
			buildConfigurations = (
				FB5B9F822B55D55700F0B233 /* Debug */,
				FB5B9F832B55D55700F0B233 /* Release */,
			);
			defaultConfigurationIsVisible = 0;
			defaultConfigurationName = Release;
		};
		FB5B9F842B55D55700F0B233 /* Build configuration list for PBXNativeTarget "LandmarksTests" */ = {
			isa = XCConfigurationList;
			buildConfigurations = (
				FB5B9F852B55D55700F0B233 /* Debug */,
				FB5B9F862B55D55700F0B233 /* Release */,
			);
			defaultConfigurationIsVisible = 0;
			defaultConfigurationName = Release;
		};
		FB5B9F872B55D55700F0B233 /* Build configuration list for PBXNativeTarget "LandmarksUITests" */ = {
			isa = XCConfigurationList;
			buildConfigurations = (
				FB5B9F882B55D55700F0B233 /* Debug */,
				FB5B9F892B55D55700F0B233 /* Release */,
			);
			defaultConfigurationIsVisible = 0;
			defaultConfigurationName = Release;
		};
/* End XCConfigurationList section */
	};
	rootObject = FB5B9F552B55D55500F0B233 /* Project object */;
}
